
Microsoft Visual Studio Solution File, Format Version 12.00
# Visual Studio Version 17
VisualStudioVersion = 17.5.33516.290
MinimumVisualStudioVersion = 10.0.40219.1
Project("{9A19103F-16F7-4668-BE54-9A1E7A4F7556}") = "UtilService", "UtilService.csproj", "{C68A22DE-B6FF-4A61-ACA7-808D71C0C53D}"
EndProject
Global
	GlobalSection(SolutionConfigurationPlatforms) = preSolution
		Debug|Any CPU = Debug|Any CPU
		Release|Any CPU = Release|Any CPU
	EndGlobalSection
	GlobalSection(ProjectConfigurationPlatforms) = postSolution
		{C68A22DE-B6FF-4A61-ACA7-808D71C0C53D}.Debug|Any CPU.ActiveCfg = Debug|Any CPU
		{C68A22DE-B6FF-4A61-ACA7-808D71C0C53D}.Debug|Any CPU.Build.0 = Debug|Any CPU
		{C68A22DE-B6FF-4A61-ACA7-808D71C0C53D}.Release|Any CPU.ActiveCfg = Release|Any CPU
		{C68A22DE-B6FF-4A61-ACA7-808D71C0C53D}.Release|Any CPU.Build.0 = Release|Any CPU
	EndGlobalSection
	GlobalSection(SolutionProperties) = preSolution
		HideSolutionNode = FALSE
	EndGlobalSection
	GlobalSection(ExtensibilityGlobals) = postSolution
		SolutionGuid = {90D63C4C-047D-4175-9C11-B6BAF2A29AAC}
	EndGlobalSection
EndGlobal
